<?xml version="1.0" encoding="UTF-8"?>
<Scheme
   LastUpgradeVersion = "1620"
   version = "1.7">
   <BuildAction
      parallelizeBuildables = "YES"
      buildImplicitDependencies = "YES"
      buildArchitectures = "Automatic">
      <BuildActionEntries>
         <BuildActionEntry
            buildForTesting = "YES"
            buildForRunning = "YES"
            buildForProfiling = "YES"
            buildForArchiving = "YES"
            buildForAnalyzing = "YES">
            <BuildableReference
               BuildableIdentifier = "primary"
               BlueprintIdentifier = "320338E42D4A43BF00F15AD6"
               BuildableName = "NotionCard.app"
               BlueprintName = "NotionCard"
               ReferencedContainer = "container:NotionCard.xcodeproj">
            </BuildableReference>
         </BuildActionEntry>
      </BuildActionEntries>
   </BuildAction>
   <TestAction
      buildConfiguration = "Debug"
      selectedDebuggerIdentifier = "Xcode.DebuggerFoundation.Debugger.LLDB"
      selectedLauncherIdentifier = "Xcode.DebuggerFoundation.Launcher.LLDB"
      shouldUseLaunchSchemeArgsEnv = "YES"
      shouldAutocreateTestPlan = "YES">
      <Testables>
         <TestableReference
            skipped = "NO"
            parallelizable = "YES">
            <BuildableReference
               BuildableIdentifier = "primary"
               BlueprintIdentifier = "320338F42D4A43C100F15AD6"
               BuildableName = "NotionCardTests.xctest"
               BlueprintName = "NotionCardTests"
               ReferencedContainer = "container:NotionCard.xcodeproj">
            </BuildableReference>
         </TestableReference>
         <TestableReference
            skipped = "NO"
            parallelizable = "YES">
            <BuildableReference
               BuildableIdentifier = "primary"
               BlueprintIdentifier = "320338FE2D4A43C200F15AD6"
               BuildableName = "NotionCardUITests.xctest"
               BlueprintName = "NotionCardUITests"
               ReferencedContainer = "container:NotionCard.xcodeproj">
            </BuildableReference>
         </TestableReference>
      </Testables>
   </TestAction>
   <LaunchAction
      buildConfiguration = "Debug"
      selectedDebuggerIdentifier = "Xcode.DebuggerFoundation.Debugger.LLDB"
      selectedLauncherIdentifier = "Xcode.DebuggerFoundation.Launcher.LLDB"
      launchStyle = "0"
      useCustomWorkingDirectory = "NO"
      ignoresPersistentStateOnLaunch = "NO"
      debugDocumentVersioning = "YES"
      debugServiceExtension = "internal"
      allowLocationSimulation = "YES">
      <BuildableProductRunnable
         runnableDebuggingMode = "0">
         <BuildableReference
            BuildableIdentifier = "primary"
            BlueprintIdentifier = "320338E42D4A43BF00F15AD6"
            BuildableName = "NotionCard.app"
            BlueprintName = "NotionCard"
            ReferencedContainer = "container:NotionCard.xcodeproj">
         </BuildableReference>
      </BuildableProductRunnable>
      <EnvironmentVariables>
         <EnvironmentVariable
            key = "NOTION_DATABASE_ID"
            value = "ad97800e3e024dd1a06caabb5bc19525"
            isEnabled = "YES">
         </EnvironmentVariable>
         <EnvironmentVariable
            key = "NOTION_API_KEY"
            value = "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"
            isEnabled = "YES">
         </EnvironmentVariable>
      </EnvironmentVariables>
   </LaunchAction>
   <ProfileAction
      buildConfiguration = "Release"
      shouldUseLaunchSchemeArgsEnv = "YES"
      savedToolIdentifier = ""
      useCustomWorkingDirectory = "NO"
      debugDocumentVersioning = "YES">
      <BuildableProductRunnable
         runnableDebuggingMode = "0">
         <BuildableReference
            BuildableIdentifier = "primary"
            BlueprintIdentifier = "320338E42D4A43BF00F15AD6"
            BuildableName = "NotionCard.app"
            BlueprintName = "NotionCard"
            ReferencedContainer = "container:NotionCard.xcodeproj">
         </BuildableReference>
      </BuildableProductRunnable>
   </ProfileAction>
   <AnalyzeAction
      buildConfiguration = "Debug">
   </AnalyzeAction>
   <ArchiveAction
      buildConfiguration = "Release"
      revealArchiveInOrganizer = "YES">
   </ArchiveAction>
</Scheme>
